# This file is generated by running "yarn install" inside your project.
# Manual changes might be lost - proceed with caution!

__metadata:
  version: 8
  cacheKey: 10c0

"2025-05-13-rendering-serlo-content-per-cli@workspace:.":
  version: 0.0.0-use.local
  resolution: "2025-05-13-rendering-serlo-content-per-cli@workspace:."
  dependencies:
    "@tsconfig/node22": "npm:^22.0.1"
    "@types/node": "npm:^22.15.17"
    typescript: "npm:^5.8.3"
  languageName: unknown
  linkType: soft

"@tsconfig/node22@npm:^22.0.1":
  version: 22.0.1
  resolution: "@tsconfig/node22@npm:22.0.1"
  checksum: 10c0/9448a14da65ebdafe10bef2582df11c8c8a769b919854747ad97f127eedc188f5e383b5b08df74bd895fa3738f17a442f9de153c0b326f870f2b335f36b51c43
  languageName: node
  linkType: hard

"@types/node@npm:^22.15.17":
  version: 22.15.17
  resolution: "@types/node@npm:22.15.17"
  dependencies:
    undici-types: "npm:~6.21.0"
  checksum: 10c0/fb92aa10b628683c5b965749f955bc2322485ecb0ea6c2f4cae5f2c7537a16834607e67083a9e9281faaae8d7dee9ada8d6a5c0de9a52c17d82912ef00c0fdd4
  languageName: node
  linkType: hard

"typescript@npm:^5.8.3":
  version: 5.8.3
  resolution: "typescript@npm:5.8.3"
  bin:
    tsc: bin/tsc
    tsserver: bin/tsserver
  checksum: 10c0/5f8bb01196e542e64d44db3d16ee0e4063ce4f3e3966df6005f2588e86d91c03e1fb131c2581baf0fb65ee79669eea6e161cd448178986587e9f6844446dbb48
  languageName: node
  linkType: hard

"typescript@patch:typescript@npm%3A^5.8.3#optional!builtin<compat/typescript>":
  version: 5.8.3
  resolution: "typescript@patch:typescript@npm%3A5.8.3#optional!builtin<compat/typescript>::version=5.8.3&hash=5786d5"
  bin:
    tsc: bin/tsc
    tsserver: bin/tsserver
  checksum: 10c0/39117e346ff8ebd87ae1510b3a77d5d92dae5a89bde588c747d25da5c146603a99c8ee588c7ef80faaf123d89ed46f6dbd918d534d641083177d5fac38b8a1cb
  languageName: node
  linkType: hard

"undici-types@npm:~6.21.0":
  version: 6.21.0
  resolution: "undici-types@npm:6.21.0"
  checksum: 10c0/c01ed51829b10aa72fc3ce64b747f8e74ae9b60eafa19a7b46ef624403508a54c526ffab06a14a26b3120d055e1104d7abe7c9017e83ced038ea5cf52f8d5e04
  languageName: node
  linkType: hard
